
Microsoft Visual Studio Solution File, Format Version 12.00
# Visual Studio 14
VisualStudioVersion = 14.0.25420.1
MinimumVisualStudioVersion = 10.0.40219.1
Project("{FAE04EC0-301F-11D3-BF4B-00C04F79EFBC}") = "IPDProductivityUI", "IPDProductivityUI\IPDProductivityUI.csproj", "{79C0B52C-1B07-40DC-9CA8-C961083541FF}"
EndProject
Project("{FAE04EC0-301F-11D3-BF4B-00C04F79EFBC}") = "IPDProductivityLibrary", "IPDProductivityLibrary\IPDProductivityLibrary.csproj", "{EFA38B4C-252E-485C-9D0E-52C091F5EFF7}"
EndProject
Global
	GlobalSection(SolutionConfigurationPlatforms) = preSolution
		Debug|Any CPU = Debug|Any CPU
		Release|Any CPU = Release|Any CPU
	EndGlobalSection
	GlobalSection(ProjectConfigurationPlatforms) = postSolution
		{79C0B52C-1B07-40DC-9CA8-C961083541FF}.Debug|Any CPU.ActiveCfg = Debug|Any CPU
		{79C0B52C-1B07-40DC-9CA8-C961083541FF}.Debug|Any CPU.Build.0 = Debug|Any CPU
		{79C0B52C-1B07-40DC-9CA8-C961083541FF}.Release|Any CPU.ActiveCfg = Release|Any CPU
		{79C0B52C-1B07-40DC-9CA8-C961083541FF}.Release|Any CPU.Build.0 = Release|Any CPU
		{EFA38B4C-252E-485C-9D0E-52C091F5EFF7}.Debug|Any CPU.ActiveCfg = Debug|Any CPU
		{EFA38B4C-252E-485C-9D0E-52C091F5EFF7}.Debug|Any CPU.Build.0 = Debug|Any CPU
		{EFA38B4C-252E-485C-9D0E-52C091F5EFF7}.Release|Any CPU.ActiveCfg = Release|Any CPU
		{EFA38B4C-252E-485C-9D0E-52C091F5EFF7}.Release|Any CPU.Build.0 = Release|Any CPU
	EndGlobalSection
	GlobalSection(SolutionProperties) = preSolution
		HideSolutionNode = FALSE
	EndGlobalSection
EndGlobal
